{
  "name": "create-react-sandbox",
  "version": "1.1.0",
  "lockfileVersion": 2,
  "requires": true,
  "packages": {
    "": {
      "name": "create-react-sandbox",
      "version": "1.1.0",
      "license": "ISC",
      "dependencies": {
        "loading-spinner": "^1.2.1"
      },
      "bin": {
        "create-react-sandbox": "bin/index.js"
      }
    },
    "node_modules/ansi": {
      "version": "0.3.1",
      "resolved": "https://registry.npmjs.org/ansi/-/ansi-0.3.1.tgz",
      "integrity": "sha512-iFY7JCgHbepc0b82yLaw4IMortylNb6wG4kL+4R0C3iv6i+RHGHux/yUX5BTiRvSX/shMnngjR1YyNMnXEFh5A=="
    },
    "node_modules/loading-spinner": {
      "version": "1.2.1",
      "resolved": "https://registry.npmjs.org/loading-spinner/-/loading-spinner-1.2.1.tgz",
      "integrity": "sha512-e3VZ2BhTrymiGceEsO6xB21x6twX39zMSVeYWFQAGbeCVQmd2HRUVRYYlx1RqTu0/7hiJa+ZcDRiNUruBzh7xA==",
      "dependencies": {
        "ansi": "^0.3.1"
      }
    }
  },
  "dependencies": {
    "ansi": {
      "version": "0.3.1",
      "resolved": "https://registry.npmjs.org/ansi/-/ansi-0.3.1.tgz",
      "integrity": "sha512-iFY7JCgHbepc0b82yLaw4IMortylNb6wG4kL+4R0C3iv6i+RHGHux/yUX5BTiRvSX/shMnngjR1YyNMnXEFh5A=="
    },
    "loading-spinner": {
      "version": "1.2.1",
      "resolved": "https://registry.npmjs.org/loading-spinner/-/loading-spinner-1.2.1.tgz",
      "integrity": "sha512-e3VZ2BhTrymiGceEsO6xB21x6twX39zMSVeYWFQAGbeCVQmd2HRUVRYYlx1RqTu0/7hiJa+ZcDRiNUruBzh7xA==",
      "requires": {
        "ansi": "^0.3.1"
      }
    }
  }
}
